
Microsoft Visual Studio Solution File, Format Version 12.00
# Visual Studio Version 17
VisualStudioVersion = 17.3.32929.385
MinimumVisualStudioVersion = 10.0.40219.1
Project("{FAE04EC0-301F-11D3-BF4B-00C04F79EFBC}") = "TreasureQuest", "TreasureQuest\TreasureQuest.csproj", "{D7218018-C33E-41CB-A276-3B1728CD172B}"
EndProject
Global
	GlobalSection(SolutionConfigurationPlatforms) = preSolution
		Debug|Any CPU = Debug|Any CPU
		Release|Any CPU = Release|Any CPU
	EndGlobalSection
	GlobalSection(ProjectConfigurationPlatforms) = postSolution
		{D7218018-C33E-41CB-A276-3B1728CD172B}.Debug|Any CPU.ActiveCfg = Debug|Any CPU
		{D7218018-C33E-41CB-A276-3B1728CD172B}.Debug|Any CPU.Build.0 = Debug|Any CPU
		{D7218018-C33E-41CB-A276-3B1728CD172B}.Release|Any CPU.ActiveCfg = Release|Any CPU
		{D7218018-C33E-41CB-A276-3B1728CD172B}.Release|Any CPU.Build.0 = Release|Any CPU
	EndGlobalSection
	GlobalSection(SolutionProperties) = preSolution
		HideSolutionNode = FALSE
	EndGlobalSection
	GlobalSection(ExtensibilityGlobals) = postSolution
		SolutionGuid = {945EB8F6-E3A6-4231-BDFF-4C83ED90F096}
	EndGlobalSection
EndGlobal
